
Microsoft Visual Studio Solution File, Format Version 12.00
# Visual Studio Version 16
VisualStudioVersion = 16.0.31205.134
MinimumVisualStudioVersion = 10.0.40219.1
Project("{FAE04EC0-301F-11D3-BF4B-00C04F79EFBC}") = "Invent.FerhatCengiz", "Invent.FerhatCengiz\Invent.FerhatCengiz.csproj", "{C811D25F-0DEF-4344-A0DB-CEA4500B3059}"
EndProject
Global
	GlobalSection(SolutionConfigurationPlatforms) = preSolution
		Debug|Any CPU = Debug|Any CPU
		Release|Any CPU = Release|Any CPU
	EndGlobalSection
	GlobalSection(ProjectConfigurationPlatforms) = postSolution
		{C811D25F-0DEF-4344-A0DB-CEA4500B3059}.Debug|Any CPU.ActiveCfg = Debug|Any CPU
		{C811D25F-0DEF-4344-A0DB-CEA4500B3059}.Debug|Any CPU.Build.0 = Debug|Any CPU
		{C811D25F-0DEF-4344-A0DB-CEA4500B3059}.Release|Any CPU.ActiveCfg = Release|Any CPU
		{C811D25F-0DEF-4344-A0DB-CEA4500B3059}.Release|Any CPU.Build.0 = Release|Any CPU
	EndGlobalSection
	GlobalSection(SolutionProperties) = preSolution
		HideSolutionNode = FALSE
	EndGlobalSection
	GlobalSection(ExtensibilityGlobals) = postSolution
		SolutionGuid = {83FA5B5C-5BBB-4499-86EA-9648B3A5F02B}
	EndGlobalSection
EndGlobal
